// !$*UTF8*$!
{
	archiveVersion = 1;
	classes = {
	};
	objectVersion = 50;
	objects = {

/* Begin PBXBuildFile section */
		B35DA88C2566B1E100AE0DF7 /* AppStoreApp.swift in Sources */ = {isa = PBXBuildFile; fileRef = B35DA88B2566B1E100AE0DF7 /* AppStoreApp.swift */; };
		B35DA88E2566B1E100AE0DF7 /* ContentView.swift in Sources */ = {isa = PBXBuildFile; fileRef = B35DA88D2566B1E100AE0DF7 /* ContentView.swift */; };
		B35DA8902566B1E400AE0DF7 /* Assets.xcassets in Resources */ = {isa = PBXBuildFile; fileRef = B35DA88F2566B1E400AE0DF7 /* Assets.xcassets */; };
		B35DA8932566B1E400AE0DF7 /* Preview Assets.xcassets in Resources */ = {isa = PBXBuildFile; fileRef = B35DA8922566B1E400AE0DF7 /* Preview Assets.xcassets */; };
		B35DA89E2566B1E400AE0DF7 /* AppStoreTests.swift in Sources */ = {isa = PBXBuildFile; fileRef = B35DA89D2566B1E400AE0DF7 /* AppStoreTests.swift */; };
		B35DA8A92566B1E400AE0DF7 /* AppStoreUITests.swift in Sources */ = {isa = PBXBuildFile; fileRef = B35DA8A82566B1E400AE0DF7 /* AppStoreUITests.swift */; };
		B35DA8BA2566B24900AE0DF7 /* TodayPage.swift in Sources */ = {isa = PBXBuildFile; fileRef = B35DA8B92566B24900AE0DF7 /* TodayPage.swift */; };
		B35DA8BF2566B26100AE0DF7 /* ArcadePage.swift in Sources */ = {isa = PBXBuildFile; fileRef = B35DA8BE2566B26100AE0DF7 /* ArcadePage.swift */; };
		B35DA8C42566B27000AE0DF7 /* GamesPage.swift in Sources */ = {isa = PBXBuildFile; fileRef = B35DA8C32566B27000AE0DF7 /* GamesPage.swift */; };
		B35DA8C92566B28100AE0DF7 /* SearchPage.swift in Sources */ = {isa = PBXBuildFile; fileRef = B35DA8C82566B28100AE0DF7 /* SearchPage.swift */; };
		B35DA8CE2566B2BB00AE0DF7 /* AppsPage.swift in Sources */ = {isa = PBXBuildFile; fileRef = B35DA8CD2566B2BB00AE0DF7 /* AppsPage.swift */; };
		B35DA8D32566B2E000AE0DF7 /* TabBarPage.swift in Sources */ = {isa = PBXBuildFile; fileRef = B35DA8D22566B2E000AE0DF7 /* TabBarPage.swift */; };
		B379A53125779FAF0072C562 /* FeaturedPostPage.swift in Sources */ = {isa = PBXBuildFile; fileRef = B379A53025779FAF0072C562 /* FeaturedPostPage.swift */; };
		B379A53C2577ECA90072C562 /* HorizontalScrollPage.swift in Sources */ = {isa = PBXBuildFile; fileRef = B379A53B2577ECA90072C562 /* HorizontalScrollPage.swift */; };
/* End PBXBuildFile section */

/* Begin PBXContainerItemProxy section */
		B35DA89A2566B1E400AE0DF7 /* PBXContainerItemProxy */ = {
			isa = PBXContainerItemProxy;
			containerPortal = B35DA8802566B1E100AE0DF7 /* Project object */;
			proxyType = 1;
			remoteGlobalIDString = B35DA8872566B1E100AE0DF7;
			remoteInfo = AppStore;
		};
		B35DA8A52566B1E400AE0DF7 /* PBXContainerItemProxy */ = {
			isa = PBXContainerItemProxy;
			containerPortal = B35DA8802566B1E100AE0DF7 /* Project object */;
			proxyType = 1;
			remoteGlobalIDString = B35DA8872566B1E100AE0DF7;
			remoteInfo = AppStore;
		};
/* End PBXContainerItemProxy section */

/* Begin PBXFileReference section */
		B35DA8882566B1E100AE0DF7 /* AppStore.app */ = {isa = PBXFileReference; explicitFileType = wrapper.application; includeInIndex = 0; path = AppStore.app; sourceTree = BUILT_PRODUCTS_DIR; };
		B35DA88B2566B1E100AE0DF7 /* AppStoreApp.swift */ = {isa = PBXFileReference; lastKnownFileType = sourcecode.swift; path = AppStoreApp.swift; sourceTree = "<group>"; };
		B35DA88D2566B1E100AE0DF7 /* ContentView.swift */ = {isa = PBXFileReference; lastKnownFileType = sourcecode.swift; path = ContentView.swift; sourceTree = "<group>"; };
		B35DA88F2566B1E400AE0DF7 /* Assets.xcassets */ = {isa = PBXFileReference; lastKnownFileType = folder.assetcatalog; path = Assets.xcassets; sourceTree = "<group>"; };
		B35DA8922566B1E400AE0DF7 /* Preview Assets.xcassets */ = {isa = PBXFileReference; lastKnownFileType = folder.assetcatalog; path = "Preview Assets.xcassets"; sourceTree = "<group>"; };
		B35DA8942566B1E400AE0DF7 /* Info.plist */ = {isa = PBXFileReference; lastKnownFileType = text.plist.xml; path = Info.plist; sourceTree = "<group>"; };
		B35DA8992566B1E400AE0DF7 /* AppStoreTests.xctest */ = {isa = PBXFileReference; explicitFileType = wrapper.cfbundle; includeInIndex = 0; path = AppStoreTests.xctest; sourceTree = BUILT_PRODUCTS_DIR; };
		B35DA89D2566B1E400AE0DF7 /* AppStoreTests.swift */ = {isa = PBXFileReference; lastKnownFileType = sourcecode.swift; path = AppStoreTests.swift; sourceTree = "<group>"; };
		B35DA89F2566B1E400AE0DF7 /* Info.plist */ = {isa = PBXFileReference; lastKnownFileType = text.plist.xml; path = Info.plist; sourceTree = "<group>"; };
		B35DA8A42566B1E400AE0DF7 /* AppStoreUITests.xctest */ = {isa = PBXFileReference; explicitFileType = wrapper.cfbundle; includeInIndex = 0; path = AppStoreUITests.xctest; sourceTree = BUILT_PRODUCTS_DIR; };
		B35DA8A82566B1E400AE0DF7 /* AppStoreUITests.swift */ = {isa = PBXFileReference; lastKnownFileType = sourcecode.swift; path = AppStoreUITests.swift; sourceTree = "<group>"; };
		B35DA8AA2566B1E400AE0DF7 /* Info.plist */ = {isa = PBXFileReference; lastKnownFileType = text.plist.xml; path = Info.plist; sourceTree = "<group>"; };
		B35DA8B92566B24900AE0DF7 /* TodayPage.swift */ = {isa = PBXFileReference; lastKnownFileType = sourcecode.swift; path = TodayPage.swift; sourceTree = "<group>"; };
		B35DA8BE2566B26100AE0DF7 /* ArcadePage.swift */ = {isa = PBXFileReference; lastKnownFileType = sourcecode.swift; path = ArcadePage.swift; sourceTree = "<group>"; };
		B35DA8C32566B27000AE0DF7 /* GamesPage.swift */ = {isa = PBXFileReference; lastKnownFileType = sourcecode.swift; path = GamesPage.swift; sourceTree = "<group>"; };
		B35DA8C82566B28100AE0DF7 /* SearchPage.swift */ = {isa = PBXFileReference; lastKnownFileType = sourcecode.swift; path = SearchPage.swift; sourceTree = "<group>"; };
		B35DA8CD2566B2BB00AE0DF7 /* AppsPage.swift */ = {isa = PBXFileReference; lastKnownFileType = sourcecode.swift; path = AppsPage.swift; sourceTree = "<group>"; };
		B35DA8D22566B2E000AE0DF7 /* TabBarPage.swift */ = {isa = PBXFileReference; lastKnownFileType = sourcecode.swift; path = TabBarPage.swift; sourceTree = "<group>"; };
		B379A53025779FAF0072C562 /* FeaturedPostPage.swift */ = {isa = PBXFileReference; lastKnownFileType = sourcecode.swift; path = FeaturedPostPage.swift; sourceTree = "<group>"; };
		B379A53B2577ECA90072C562 /* HorizontalScrollPage.swift */ = {isa = PBXFileReference; lastKnownFileType = sourcecode.swift; path = HorizontalScrollPage.swift; sourceTree = "<group>"; };
/* End PBXFileReference section */

/* Begin PBXFrameworksBuildPhase section */
		B35DA8852566B1E100AE0DF7 /* Frameworks */ = {
			isa = PBXFrameworksBuildPhase;
			buildActionMask = 2147483647;
			files = (
			);
			runOnlyForDeploymentPostprocessing = 0;
		};
		B35DA8962566B1E400AE0DF7 /* Frameworks */ = {
			isa = PBXFrameworksBuildPhase;
			buildActionMask = 2147483647;
			files = (
			);
			runOnlyForDeploymentPostprocessing = 0;
		};
		B35DA8A12566B1E400AE0DF7 /* Frameworks */ = {
			isa = PBXFrameworksBuildPhase;
			buildActionMask = 2147483647;
			files = (
			);
			runOnlyForDeploymentPostprocessing = 0;
		};
/* End PBXFrameworksBuildPhase section */

/* Begin PBXGroup section */
		B35DA87F2566B1E100AE0DF7 = {
			isa = PBXGroup;
			children = (
				B35DA88A2566B1E100AE0DF7 /* AppStore */,
				B35DA89C2566B1E400AE0DF7 /* AppStoreTests */,
				B35DA8A72566B1E400AE0DF7 /* AppStoreUITests */,
				B35DA8892566B1E100AE0DF7 /* Products */,
			);
			sourceTree = "<group>";
		};
		B35DA8892566B1E100AE0DF7 /* Products */ = {
			isa = PBXGroup;
			children = (
				B35DA8882566B1E100AE0DF7 /* AppStore.app */,
				B35DA8992566B1E400AE0DF7 /* AppStoreTests.xctest */,
				B35DA8A42566B1E400AE0DF7 /* AppStoreUITests.xctest */,
			);
			name = Products;
			sourceTree = "<group>";
		};
		B35DA88A2566B1E100AE0DF7 /* AppStore */ = {
			isa = PBXGroup;
			children = (
				B35DA88B2566B1E100AE0DF7 /* AppStoreApp.swift */,
				B35DA88D2566B1E100AE0DF7 /* ContentView.swift */,
				B35DA8B92566B24900AE0DF7 /* TodayPage.swift */,
				B35DA8BE2566B26100AE0DF7 /* ArcadePage.swift */,
				B35DA8C32566B27000AE0DF7 /* GamesPage.swift */,
				B379A53B2577ECA90072C562 /* HorizontalScrollPage.swift */,
				B379A53025779FAF0072C562 /* FeaturedPostPage.swift */,
				B35DA8CD2566B2BB00AE0DF7 /* AppsPage.swift */,
				B35DA8D22566B2E000AE0DF7 /* TabBarPage.swift */,
				B35DA8C82566B28100AE0DF7 /* SearchPage.swift */,
				B35DA88F2566B1E400AE0DF7 /* Assets.xcassets */,
				B35DA8942566B1E400AE0DF7 /* Info.plist */,
				B35DA8912566B1E400AE0DF7 /* Preview Content */,
			);
			path = AppStore;
			sourceTree = "<group>";
		};
		B35DA8912566B1E400AE0DF7 /* Preview Content */ = {
			isa = PBXGroup;
			children = (
				B35DA8922566B1E400AE0DF7 /* Preview Assets.xcassets */,
			);
			path = "Preview Content";
			sourceTree = "<group>";
		};
		B35DA89C2566B1E400AE0DF7 /* AppStoreTests */ = {
			isa = PBXGroup;
			children = (
				B35DA89D2566B1E400AE0DF7 /* AppStoreTests.swift */,
				B35DA89F2566B1E400AE0DF7 /* Info.plist */,
			);
			path = AppStoreTests;
			sourceTree = "<group>";
		};
		B35DA8A72566B1E400AE0DF7 /* AppStoreUITests */ = {
			isa = PBXGroup;
			children = (
				B35DA8A82566B1E400AE0DF7 /* AppStoreUITests.swift */,
				B35DA8AA2566B1E400AE0DF7 /* Info.plist */,
			);
			path = AppStoreUITests;
			sourceTree = "<group>";
		};
/* End PBXGroup section */

/* Begin PBXNativeTarget section */
		B35DA8872566B1E100AE0DF7 /* AppStore */ = {
			isa = PBXNativeTarget;
			buildConfigurationList = B35DA8AD2566B1E400AE0DF7 /* Build configuration list for PBXNativeTarget "AppStore" */;
			buildPhases = (
				B35DA8842566B1E100AE0DF7 /* Sources */,
				B35DA8852566B1E100AE0DF7 /* Frameworks */,
				B35DA8862566B1E100AE0DF7 /* Resources */,
			);
			buildRules = (
			);
			dependencies = (
			);
			name = AppStore;
			productName = AppStore;
			productReference = B35DA8882566B1E100AE0DF7 /* AppStore.app */;
			productType = "com.apple.product-type.application";
		};
		B35DA8982566B1E400AE0DF7 /* AppStoreTests */ = {
			isa = PBXNativeTarget;
			buildConfigurationList = B35DA8B02566B1E400AE0DF7 /* Build configuration list for PBXNativeTarget "AppStoreTests" */;
			buildPhases = (
				B35DA8952566B1E400AE0DF7 /* Sources */,
				B35DA8962566B1E400AE0DF7 /* Frameworks */,
				B35DA8972566B1E400AE0DF7 /* Resources */,
			);
			buildRules = (
			);
			dependencies = (
				B35DA89B2566B1E400AE0DF7 /* PBXTargetDependency */,
			);
			name = AppStoreTests;
			productName = AppStoreTests;
			productReference = B35DA8992566B1E400AE0DF7 /* AppStoreTests.xctest */;
			productType = "com.apple.product-type.bundle.unit-test";
		};
		B35DA8A32566B1E400AE0DF7 /* AppStoreUITests */ = {
			isa = PBXNativeTarget;
			buildConfigurationList = B35DA8B32566B1E400AE0DF7 /* Build configuration list for PBXNativeTarget "AppStoreUITests" */;
			buildPhases = (
				B35DA8A02566B1E400AE0DF7 /* Sources */,
				B35DA8A12566B1E400AE0DF7 /* Frameworks */,
				B35DA8A22566B1E400AE0DF7 /* Resources */,
			);
			buildRules = (
			);
			dependencies = (
				B35DA8A62566B1E400AE0DF7 /* PBXTargetDependency */,
			);
			name = AppStoreUITests;
			productName = AppStoreUITests;
			productReference = B35DA8A42566B1E400AE0DF7 /* AppStoreUITests.xctest */;
			productType = "com.apple.product-type.bundle.ui-testing";
		};
/* End PBXNativeTarget section */

/* Begin PBXProject section */
		B35DA8802566B1E100AE0DF7 /* Project object */ = {
			isa = PBXProject;
			attributes = {
				LastSwiftUpdateCheck = 1220;
				LastUpgradeCheck = 1220;
				TargetAttributes = {
					B35DA8872566B1E100AE0DF7 = {
						CreatedOnToolsVersion = 12.2;
					};
					B35DA8982566B1E400AE0DF7 = {
						CreatedOnToolsVersion = 12.2;
						TestTargetID = B35DA8872566B1E100AE0DF7;
					};
					B35DA8A32566B1E400AE0DF7 = {
						CreatedOnToolsVersion = 12.2;
						TestTargetID = B35DA8872566B1E100AE0DF7;
					};
				};
			};
			buildConfigurationList = B35DA8832566B1E100AE0DF7 /* Build configuration list for PBXProject "AppStore" */;
			compatibilityVersion = "Xcode 9.3";
			developmentRegion = en;
			hasScannedForEncodings = 0;
			knownRegions = (
				en,
				Base,
			);
			mainGroup = B35DA87F2566B1E100AE0DF7;
			productRefGroup = B35DA8892566B1E100AE0DF7 /* Products */;
			projectDirPath = "";
			projectRoot = "";
			targets = (
				B35DA8872566B1E100AE0DF7 /* AppStore */,
				B35DA8982566B1E400AE0DF7 /* AppStoreTests */,
				B35DA8A32566B1E400AE0DF7 /* AppStoreUITests */,
			);
		};
/* End PBXProject section */

/* Begin PBXResourcesBuildPhase section */
		B35DA8862566B1E100AE0DF7 /* Resources */ = {
			isa = PBXResourcesBuildPhase;
			buildActionMask = 2147483647;
			files = (
				B35DA8932566B1E400AE0DF7 /* Preview Assets.xcassets in Resources */,
				B35DA8902566B1E400AE0DF7 /* Assets.xcassets in Resources */,
			);
			runOnlyForDeploymentPostprocessing = 0;
		};
		B35DA8972566B1E400AE0DF7 /* Resources */ = {
			isa = PBXResourcesBuildPhase;
			buildActionMask = 2147483647;
			files = (
			);
			runOnlyForDeploymentPostprocessing = 0;
		};
		B35DA8A22566B1E400AE0DF7 /* Resources */ = {
			isa = PBXResourcesBuildPhase;
			buildActionMask = 2147483647;
			files = (
			);
			runOnlyForDeploymentPostprocessing = 0;
		};
/* End PBXResourcesBuildPhase section */

/* Begin PBXSourcesBuildPhase section */
		B35DA8842566B1E100AE0DF7 /* Sources */ = {
			isa = PBXSourcesBuildPhase;
			buildActionMask = 2147483647;
			files = (
				B35DA8BF2566B26100AE0DF7 /* ArcadePage.swift in Sources */,
				B379A53C2577ECA90072C562 /* HorizontalScrollPage.swift in Sources */,
				B35DA8C42566B27000AE0DF7 /* GamesPage.swift in Sources */,
				B35DA8C92566B28100AE0DF7 /* SearchPage.swift in Sources */,
				B35DA88E2566B1E100AE0DF7 /* ContentView.swift in Sources */,
				B35DA8D32566B2E000AE0DF7 /* TabBarPage.swift in Sources */,
				B35DA88C2566B1E100AE0DF7 /* AppStoreApp.swift in Sources */,
				B35DA8CE2566B2BB00AE0DF7 /* AppsPage.swift in Sources */,
				B379A53125779FAF0072C562 /* FeaturedPostPage.swift in Sources */,
				B35DA8BA2566B24900AE0DF7 /* TodayPage.swift in Sources */,
			);
			runOnlyForDeploymentPostprocessing = 0;
		};
		B35DA8952566B1E400AE0DF7 /* Sources */ = {
			isa = PBXSourcesBuildPhase;
			buildActionMask = 2147483647;
			files = (
				B35DA89E2566B1E400AE0DF7 /* AppStoreTests.swift in Sources */,
			);
			runOnlyForDeploymentPostprocessing = 0;
		};
		B35DA8A02566B1E400AE0DF7 /* Sources */ = {
			isa = PBXSourcesBuildPhase;
			buildActionMask = 2147483647;
			files = (
				B35DA8A92566B1E400AE0DF7 /* AppStoreUITests.swift in Sources */,
			);
			runOnlyForDeploymentPostprocessing = 0;
		};
/* End PBXSourcesBuildPhase section */

/* Begin PBXTargetDependency section */
		B35DA89B2566B1E400AE0DF7 /* PBXTargetDependency */ = {
			isa = PBXTargetDependency;
			target = B35DA8872566B1E100AE0DF7 /* AppStore */;
			targetProxy = B35DA89A2566B1E400AE0DF7 /* PBXContainerItemProxy */;
		};
		B35DA8A62566B1E400AE0DF7 /* PBXTargetDependency */ = {
			isa = PBXTargetDependency;
			target = B35DA8872566B1E100AE0DF7 /* AppStore */;
			targetProxy = B35DA8A52566B1E400AE0DF7 /* PBXContainerItemProxy */;
		};
/* End PBXTargetDependency section */

/* Begin XCBuildConfiguration section */
		B35DA8AB2566B1E400AE0DF7 /* Debug */ = {
			isa = XCBuildConfiguration;
			buildSettings = {
				ALWAYS_SEARCH_USER_PATHS = NO;
				CLANG_ANALYZER_NONNULL = YES;
				CLANG_ANALYZER_NUMBER_OBJECT_CONVERSION = YES_AGGRESSIVE;
				CLANG_CXX_LANGUAGE_STANDARD = "gnu++14";
				CLANG_CXX_LIBRARY = "libc++";
				CLANG_ENABLE_MODULES = YES;
				CLANG_ENABLE_OBJC_ARC = YES;
				CLANG_ENABLE_OBJC_WEAK = YES;
				CLANG_WARN_BLOCK_CAPTURE_AUTORELEASING = YES;
				CLANG_WARN_BOOL_CONVERSION = YES;
				CLANG_WARN_COMMA = YES;
				CLANG_WARN_CONSTANT_CONVERSION = YES;
				CLANG_WARN_DEPRECATED_OBJC_IMPLEMENTATIONS = YES;
				CLANG_WARN_DIRECT_OBJC_ISA_USAGE = YES_ERROR;
				CLANG_WARN_DOCUMENTATION_COMMENTS = YES;
				CLANG_WARN_EMPTY_BODY = YES;
				CLANG_WARN_ENUM_CONVERSION = YES;
				CLANG_WARN_INFINITE_RECURSION = YES;
				CLANG_WARN_INT_CONVERSION = YES;
				CLANG_WARN_NON_LITERAL_NULL_CONVERSION = YES;
				CLANG_WARN_OBJC_IMPLICIT_RETAIN_SELF = YES;
				CLANG_WARN_OBJC_LITERAL_CONVERSION = YES;
				CLANG_WARN_OBJC_ROOT_CLASS = YES_ERROR;
				CLANG_WARN_QUOTED_INCLUDE_IN_FRAMEWORK_HEADER = YES;
				CLANG_WARN_RANGE_LOOP_ANALYSIS = YES;
				CLANG_WARN_STRICT_PROTOTYPES = YES;
				CLANG_WARN_SUSPICIOUS_MOVE = YES;
				CLANG_WARN_UNGUARDED_AVAILABILITY = YES_AGGRESSIVE;
				CLANG_WARN_UNREACHABLE_CODE = YES;
				CLANG_WARN__DUPLICATE_METHOD_MATCH = YES;
				COPY_PHASE_STRIP = NO;
				DEBUG_INFORMATION_FORMAT = dwarf;
				ENABLE_STRICT_OBJC_MSGSEND = YES;
				ENABLE_TESTABILITY = YES;
				GCC_C_LANGUAGE_STANDARD = gnu11;
				GCC_DYNAMIC_NO_PIC = NO;
				GCC_NO_COMMON_BLOCKS = YES;
				GCC_OPTIMIZATION_LEVEL = 0;
				GCC_PREPROCESSOR_DEFINITIONS = (
					"DEBUG=1",
					"$(inherited)",
				);
				GCC_WARN_64_TO_32_BIT_CONVERSION = YES;
				GCC_WARN_ABOUT_RETURN_TYPE = YES_ERROR;
				GCC_WARN_UNDECLARED_SELECTOR = YES;
				GCC_WARN_UNINITIALIZED_AUTOS = YES_AGGRESSIVE;
				GCC_WARN_UNUSED_FUNCTION = YES;
				GCC_WARN_UNUSED_VARIABLE = YES;
				IPHONEOS_DEPLOYMENT_TARGET = 14.2;
				MTL_ENABLE_DEBUG_INFO = INCLUDE_SOURCE;
				MTL_FAST_MATH = YES;
				ONLY_ACTIVE_ARCH = YES;
				SDKROOT = iphoneos;
				SWIFT_ACTIVE_COMPILATION_CONDITIONS = DEBUG;
				SWIFT_OPTIMIZATION_LEVEL = "-Onone";
			};
			name = Debug;
		};
		B35DA8AC2566B1E400AE0DF7 /* Release */ = {
			isa = XCBuildConfiguration;
			buildSettings = {
				ALWAYS_SEARCH_USER_PATHS = NO;
				CLANG_ANALYZER_NONNULL = YES;
				CLANG_ANALYZER_NUMBER_OBJECT_CONVERSION = YES_AGGRESSIVE;
				CLANG_CXX_LANGUAGE_STANDARD = "gnu++14";
				CLANG_CXX_LIBRARY = "libc++";
				CLANG_ENABLE_MODULES = YES;
				CLANG_ENABLE_OBJC_ARC = YES;
				CLANG_ENABLE_OBJC_WEAK = YES;
				CLANG_WARN_BLOCK_CAPTURE_AUTORELEASING = YES;
				CLANG_WARN_BOOL_CONVERSION = YES;
				CLANG_WARN_COMMA = YES;
				CLANG_WARN_CONSTANT_CONVERSION = YES;
				CLANG_WARN_DEPRECATED_OBJC_IMPLEMENTATIONS = YES;
				CLANG_WARN_DIRECT_OBJC_ISA_USAGE = YES_ERROR;
				CLANG_WARN_DOCUMENTATION_COMMENTS = YES;
				CLANG_WARN_EMPTY_BODY = YES;
				CLANG_WARN_ENUM_CONVERSION = YES;
				CLANG_WARN_INFINITE_RECURSION = YES;
				CLANG_WARN_INT_CONVERSION = YES;
				CLANG_WARN_NON_LITERAL_NULL_CONVERSION = YES;
				CLANG_WARN_OBJC_IMPLICIT_RETAIN_SELF = YES;
				CLANG_WARN_OBJC_LITERAL_CONVERSION = YES;
				CLANG_WARN_OBJC_ROOT_CLASS = YES_ERROR;
				CLANG_WARN_QUOTED_INCLUDE_IN_FRAMEWORK_HEADER = YES;
				CLANG_WARN_RANGE_LOOP_ANALYSIS = YES;
				CLANG_WARN_STRICT_PROTOTYPES = YES;
				CLANG_WARN_SUSPICIOUS_MOVE = YES;
				CLANG_WARN_UNGUARDED_AVAILABILITY = YES_AGGRESSIVE;
				CLANG_WARN_UNREACHABLE_CODE = YES;
				CLANG_WARN__DUPLICATE_METHOD_MATCH = YES;
				COPY_PHASE_STRIP = NO;
				DEBUG_INFORMATION_FORMAT = "dwarf-with-dsym";
				ENABLE_NS_ASSERTIONS = NO;
				ENABLE_STRICT_OBJC_MSGSEND = YES;
				GCC_C_LANGUAGE_STANDARD = gnu11;
				GCC_NO_COMMON_BLOCKS = YES;
				GCC_WARN_64_TO_32_BIT_CONVERSION = YES;
				GCC_WARN_ABOUT_RETURN_TYPE = YES_ERROR;
				GCC_WARN_UNDECLARED_SELECTOR = YES;
				GCC_WARN_UNINITIALIZED_AUTOS = YES_AGGRESSIVE;
				GCC_WARN_UNUSED_FUNCTION = YES;
				GCC_WARN_UNUSED_VARIABLE = YES;
				IPHONEOS_DEPLOYMENT_TARGET = 14.2;
				MTL_ENABLE_DEBUG_INFO = NO;
				MTL_FAST_MATH = YES;
				SDKROOT = iphoneos;
				SWIFT_COMPILATION_MODE = wholemodule;
				SWIFT_OPTIMIZATION_LEVEL = "-O";
				VALIDATE_PRODUCT = YES;
			};
			name = Release;
		};
		B35DA8AE2566B1E400AE0DF7 /* Debug */ = {
			isa = XCBuildConfiguration;
			buildSettings = {
				ASSETCATALOG_COMPILER_APPICON_NAME = AppIcon;
				ASSETCATALOG_COMPILER_GLOBAL_ACCENT_COLOR_NAME = AccentColor;
				CODE_SIGN_STYLE = Automatic;
				DEVELOPMENT_ASSET_PATHS = "\"AppStore/Preview Content\"";
				DEVELOPMENT_TEAM = N3386UZ246;
				ENABLE_PREVIEWS = YES;
				INFOPLIST_FILE = AppStore/Info.plist;
				IPHONEOS_DEPLOYMENT_TARGET = 14.0;
				LD_RUNPATH_SEARCH_PATHS = (
					"$(inherited)",
					"@executable_path/Frameworks",
				);
				PRODUCT_BUNDLE_IDENTIFIER = com.cristinabolohan.AppStore;
				PRODUCT_NAME = "$(TARGET_NAME)";
				SWIFT_VERSION = 5.0;
				TARGETED_DEVICE_FAMILY = "1,2";
			};
			name = Debug;
		};
		B35DA8AF2566B1E400AE0DF7 /* Release */ = {
			isa = XCBuildConfiguration;
			buildSettings = {
				ASSETCATALOG_COMPILER_APPICON_NAME = AppIcon;
				ASSETCATALOG_COMPILER_GLOBAL_ACCENT_COLOR_NAME = AccentColor;
				CODE_SIGN_STYLE = Automatic;
				DEVELOPMENT_ASSET_PATHS = "\"AppStore/Preview Content\"";
				DEVELOPMENT_TEAM = N3386UZ246;
				ENABLE_PREVIEWS = YES;
				INFOPLIST_FILE = AppStore/Info.plist;
				IPHONEOS_DEPLOYMENT_TARGET = 14.0;
				LD_RUNPATH_SEARCH_PATHS = (
					"$(inherited)",
					"@executable_path/Frameworks",
				);
				PRODUCT_BUNDLE_IDENTIFIER = com.cristinabolohan.AppStore;
				PRODUCT_NAME = "$(TARGET_NAME)";
				SWIFT_VERSION = 5.0;
				TARGETED_DEVICE_FAMILY = "1,2";
			};
			name = Release;
		};
		B35DA8B12566B1E400AE0DF7 /* Debug */ = {
			isa = XCBuildConfiguration;
			buildSettings = {
				ALWAYS_EMBED_SWIFT_STANDARD_LIBRARIES = YES;
				BUNDLE_LOADER = "$(TEST_HOST)";
				CODE_SIGN_STYLE = Automatic;
				DEVELOPMENT_TEAM = N3386UZ246;
				INFOPLIST_FILE = AppStoreTests/Info.plist;
				IPHONEOS_DEPLOYMENT_TARGET = 14.0;
				LD_RUNPATH_SEARCH_PATHS = (
					"$(inherited)",
					"@executable_path/Frameworks",
					"@loader_path/Frameworks",
				);
				PRODUCT_BUNDLE_IDENTIFIER = com.cristinabolohan.AppStoreTests;
				PRODUCT_NAME = "$(TARGET_NAME)";
				SWIFT_VERSION = 5.0;
				TARGETED_DEVICE_FAMILY = "1,2";
				TEST_HOST = "$(BUILT_PRODUCTS_DIR)/AppStore.app/AppStore";
			};
			name = Debug;
		};
		B35DA8B22566B1E400AE0DF7 /* Release */ = {
			isa = XCBuildConfiguration;
			buildSettings = {
				ALWAYS_EMBED_SWIFT_STANDARD_LIBRARIES = YES;
				BUNDLE_LOADER = "$(TEST_HOST)";
				CODE_SIGN_STYLE = Automatic;
				DEVELOPMENT_TEAM = N3386UZ246;
				INFOPLIST_FILE = AppStoreTests/Info.plist;
				IPHONEOS_DEPLOYMENT_TARGET = 14.0;
				LD_RUNPATH_SEARCH_PATHS = (
					"$(inherited)",
					"@executable_path/Frameworks",
					"@loader_path/Frameworks",
				);
				PRODUCT_BUNDLE_IDENTIFIER = com.cristinabolohan.AppStoreTests;
				PRODUCT_NAME = "$(TARGET_NAME)";
				SWIFT_VERSION = 5.0;
				TARGETED_DEVICE_FAMILY = "1,2";
				TEST_HOST = "$(BUILT_PRODUCTS_DIR)/AppStore.app/AppStore";
			};
			name = Release;
		};
		B35DA8B42566B1E400AE0DF7 /* Debug */ = {
			isa = XCBuildConfiguration;
			buildSettings = {
				ALWAYS_EMBED_SWIFT_STANDARD_LIBRARIES = YES;
				CODE_SIGN_STYLE = Automatic;
				DEVELOPMENT_TEAM = N3386UZ246;
				INFOPLIST_FILE = AppStoreUITests/Info.plist;
				LD_RUNPATH_SEARCH_PATHS = (
					"$(inherited)",
					"@executable_path/Frameworks",
					"@loader_path/Frameworks",
				);
				PRODUCT_BUNDLE_IDENTIFIER = com.cristinabolohan.AppStoreUITests;
				PRODUCT_NAME = "$(TARGET_NAME)";
				SWIFT_VERSION = 5.0;
				TARGETED_DEVICE_FAMILY = "1,2";
				TEST_TARGET_NAME = AppStore;
			};
			name = Debug;
		};
		B35DA8B52566B1E400AE0DF7 /* Release */ = {
			isa = XCBuildConfiguration;
			buildSettings = {
				ALWAYS_EMBED_SWIFT_STANDARD_LIBRARIES = YES;
				CODE_SIGN_STYLE = Automatic;
				DEVELOPMENT_TEAM = N3386UZ246;
				INFOPLIST_FILE = AppStoreUITests/Info.plist;
				LD_RUNPATH_SEARCH_PATHS = (
					"$(inherited)",
					"@executable_path/Frameworks",
					"@loader_path/Frameworks",
				);
				PRODUCT_BUNDLE_IDENTIFIER = com.cristinabolohan.AppStoreUITests;
				PRODUCT_NAME = "$(TARGET_NAME)";
				SWIFT_VERSION = 5.0;
				TARGETED_DEVICE_FAMILY = "1,2";
				TEST_TARGET_NAME = AppStore;
			};
			name = Release;
		};
/* End XCBuildConfiguration section */

/* Begin XCConfigurationList section */
		B35DA8832566B1E100AE0DF7 /* Build configuration list for PBXProject "AppStore" */ = {
			isa = XCConfigurationList;
			buildConfigurations = (
				B35DA8AB2566B1E400AE0DF7 /* Debug */,
				B35DA8AC2566B1E400AE0DF7 /* Release */,
			);
			defaultConfigurationIsVisible = 0;
			defaultConfigurationName = Release;
		};
		B35DA8AD2566B1E400AE0DF7 /* Build configuration list for PBXNativeTarget "AppStore" */ = {
			isa = XCConfigurationList;
			buildConfigurations = (
				B35DA8AE2566B1E400AE0DF7 /* Debug */,
				B35DA8AF2566B1E400AE0DF7 /* Release */,
			);
			defaultConfigurationIsVisible = 0;
			defaultConfigurationName = Release;
		};
		B35DA8B02566B1E400AE0DF7 /* Build configuration list for PBXNativeTarget "AppStoreTests" */ = {
			isa = XCConfigurationList;
			buildConfigurations = (
				B35DA8B12566B1E400AE0DF7 /* Debug */,
				B35DA8B22566B1E400AE0DF7 /* Release */,
			);
			defaultConfigurationIsVisible = 0;
			defaultConfigurationName = Release;
		};
		B35DA8B32566B1E400AE0DF7 /* Build configuration list for PBXNativeTarget "AppStoreUITests" */ = {
			isa = XCConfigurationList;
			buildConfigurations = (
				B35DA8B42566B1E400AE0DF7 /* Debug */,
				B35DA8B52566B1E400AE0DF7 /* Release */,
			);
			defaultConfigurationIsVisible = 0;
			defaultConfigurationName = Release;
		};
/* End XCConfigurationList section */
	};
	rootObject = B35DA8802566B1E100AE0DF7 /* Project object */;
}
